
Microsoft Visual Studio Solution File, Format Version 12.00
# Visual Studio Version 17
VisualStudioVersion = 17.1.32319.34
MinimumVisualStudioVersion = 10.0.40219.1
Project("{9A19103F-16F7-4668-BE54-9A1E7A4F7556}") = "RazorPizza", "RazorPizza\RazorPizza.csproj", "{F53F9F61-18F3-442C-850C-9B006CDB1616}"
EndProject
Global
	GlobalSection(SolutionConfigurationPlatforms) = preSolution
		Debug|Any CPU = Debug|Any CPU
		Release|Any CPU = Release|Any CPU
	EndGlobalSection
	GlobalSection(ProjectConfigurationPlatforms) = postSolution
		{F53F9F61-18F3-442C-850C-9B006CDB1616}.Debug|Any CPU.ActiveCfg = Debug|Any CPU
		{F53F9F61-18F3-442C-850C-9B006CDB1616}.Debug|Any CPU.Build.0 = Debug|Any CPU
		{F53F9F61-18F3-442C-850C-9B006CDB1616}.Release|Any CPU.ActiveCfg = Release|Any CPU
		{F53F9F61-18F3-442C-850C-9B006CDB1616}.Release|Any CPU.Build.0 = Release|Any CPU
	EndGlobalSection
	GlobalSection(SolutionProperties) = preSolution
		HideSolutionNode = FALSE
	EndGlobalSection
	GlobalSection(ExtensibilityGlobals) = postSolution
		SolutionGuid = {763277A0-E4F2-4B9F-8C07-A5CFEC1CC9CB}
	EndGlobalSection
EndGlobal
